Microsoft Visual Studio Solution File, Format Version 12.00
# Visual Studio Version 17
VisualStudioVersion = 17.0.31903.59
MinimumVisualStudioVersion = 10.0.40219.1
Project("{FAE04EC0-301F-11D3-BF4B-00C04F79EFBC}") = "Mts.Core", "src\Mts.Core\Mts.Core.csproj", "{A5447C8C-4B25-4B68-A35C-9A724F5A0E53}"
EndProject
Project("{FAE04EC0-301F-11D3-BF4B-00C04F79EFBC}") = "Mts.App", "src\Mts.App\Mts.App.csproj", "{4280D4C0-1590-4B13-8573-4A856C1A08EC}"
EndProject
Global
	GlobalSection(SolutionConfigurationPlatforms) = preSolution
		Debug|Any CPU = Debug|Any CPU
		Release|Any CPU = Release|Any CPU
	EndGlobalSection
	GlobalSection(ProjectConfigurationPlatforms) = postSolution
		{A5447C8C-4B25-4B68-A35C-9A724F5A0E53}.Debug|Any CPU.ActiveCfg = Debug|Any CPU
		{A5447C8C-4B25-4B68-A35C-9A724F5A0E53}.Debug|Any CPU.Build.0 = Debug|Any CPU
		{A5447C8C-4B25-4B68-A35C-9A724F5A0E53}.Release|Any CPU.ActiveCfg = Release|Any CPU
		{A5447C8C-4B25-4B68-A35C-9A724F5A0E53}.Release|Any CPU.Build.0 = Release|Any CPU
		{4280D4C0-1590-4B13-8573-4A856C1A08EC}.Debug|Any CPU.ActiveCfg = Debug|Any CPU
		{4280D4C0-1590-4B13-8573-4A856C1A08EC}.Debug|Any CPU.Build.0 = Debug|Any CPU
		{4280D4C0-1590-4B13-8573-4A856C1A08EC}.Release|Any CPU.ActiveCfg = Release|Any CPU
		{4280D4C0-1590-4B13-8573-4A856C1A08EC}.Release|Any CPU.Build.0 = Release|Any CPU
	EndGlobalSection
	GlobalSection(SolutionProperties) = preSolution
		HideSolutionNode = FALSE
	EndGlobalSection
EndGlobal
